{
  "object": {
    "pins": [
      {
        "package": "FineJSON",
        "repositoryURL": "https://github.com/omochi/FineJSON",
        "state": {
          "branch": null,
          "revision": "e3b27c7a728b811a8a4a2303573f2d1860c8ec2c",
          "version": "1.4.2"
        }
      },
      {
        "package": "Onigmo",
        "repositoryURL": "https://github.com/omochi/Onigmo-swift-build",
        "state": {
          "branch": null,
          "revision": "89cfa1fad5e16902e61cf5bdbb2327b17d710ad1",
          "version": "1.1.0"
        }
      },
      {
        "package": "OrderedDictionary",
        "repositoryURL": "https://github.com/omochi/OrderedDictionary.git",
        "state": {
          "branch": null,
          "revision": "db6b28da46ad3c8508fe5ef014821201d0fe35d5",
          "version": "1.7.0"
        }
      },
      {
        "package": "RichJSONParser",
        "repositoryURL": "https://github.com/omochi/RichJSONParser.git",
        "state": {
          "branch": null,
          "revision": "e0a8380bd47b6c77de784643f3cb6cceb2f16f60",
          "version": "1.3.1"
        }
      }
    ]
  },
  "version": 1
}
