{
  "object": {
    "pins": [
      {
        "package": "FineJSON",
        "repositoryURL": "https://github.com/omochi/FineJSON",
        "state": {
          "branch": null,
          "revision": "001040f9f11555c9cf321b1b37eaf2fe2facf71e",
          "version": "1.5.0"
        }
      },
      {
        "package": "Onigmo",
        "repositoryURL": "https://github.com/omochi/Onigmo-swift-build",
        "state": {
          "branch": null,
          "revision": "89cfa1fad5e16902e61cf5bdbb2327b17d710ad1",
          "version": "1.1.0"
        }
      },
      {
        "package": "OrderedDictionary",
        "repositoryURL": "https://github.com/omochi/OrderedDictionary.git",
        "state": {
          "branch": null,
          "revision": "db6b28da46ad3c8508fe5ef014821201d0fe35d5",
          "version": "1.7.0"
        }
      },
      {
        "package": "RichJSONParser",
        "repositoryURL": "https://github.com/omochi/RichJSONParser.git",
        "state": {
          "branch": null,
          "revision": "99bd823a6f0005642fb2099857b1996498f1cdbc",
          "version": "1.4.0"
        }
      }
    ]
  },
  "version": 1
}
